{
  "name": "kids-english",
  "version": "0.1.0",
  "lockfileVersion": 3,
  "requires": true,
  "packages": {
    "": {
      "name": "kids-english",
      "version": "0.1.0",
      "dependencies": {
        "react": "^18.2.0",
        "react-dom": "^18.2.0",
        "react-router-dom": "^6.23.0"
      },
      "devDependencies": {
        "@testing-library/jest-dom": "^6.3.0",
        "@testing-library/react": "^14.2.1",
        "@eslint/js": "^9.2.0",
        "@types/react": "^18.2.37",
        "@types/react-dom": "^18.2.15",
        "@types/react-router-dom": "^5.3.3",
        "@vitejs/plugin-react": "^4.2.0",
        "autoprefixer": "^10.4.16",
        "eslint": "^9.0.0",
        "postcss": "^8.4.31",
        "tailwindcss": "^3.3.3",
        "typescript": "^5.2.2",
        "typescript-eslint": "^7.0.0",
        "vite": "^5.0.0",
        "vitest": "^0.34.6"
      }
    }
  },
  "dependencies": {
    "react": {
      "version": "^18.2.0"
    },
    "react-dom": {
      "version": "^18.2.0"
    },
    "react-router-dom": {
      "version": "^6.23.0"
    }
  },
  "devDependencies": {
    "@testing-library/jest-dom": {
      "version": "^6.3.0"
    },
    "@testing-library/react": {
      "version": "^14.2.1"
    },
    "@eslint/js": {
      "version": "^9.2.0"
    },
    "@types/react": {
      "version": "^18.2.37"
    },
    "@types/react-dom": {
      "version": "^18.2.15"
    },
    "@types/react-router-dom": {
      "version": "^5.3.3"
    },
    "@vitejs/plugin-react": {
      "version": "^4.2.0"
    },
    "autoprefixer": {
      "version": "^10.4.16"
    },
    "eslint": {
      "version": "^9.0.0"
    },
    "postcss": {
      "version": "^8.4.31"
    },
    "tailwindcss": {
      "version": "^3.3.3"
    },
    "typescript": {
      "version": "^5.2.2"
    },
    "typescript-eslint": {
      "version": "^7.0.0"
    },
    "vite": {
      "version": "^5.0.0"
    },
    "vitest": {
      "version": "^0.34.6"
    }
  }
}
